
Microsoft Visual Studio Solution File, Format Version 12.00
# Visual Studio Version 17
VisualStudioVersion = 17.8.34525.116
MinimumVisualStudioVersion = 10.0.40219.1
Project("{2150E333-8FDC-42A3-9474-1A3956D46DE8}") = "Frontend", "Frontend", "{E49E3EAC-5BC0-475D-A6E6-B2CCFAE13DAC}"
EndProject
Project("{2150E333-8FDC-42A3-9474-1A3956D46DE8}") = "Gateway", "Gateway", "{FAA2C84E-B596-4507-8FD5-8682EB521715}"
EndProject
Project("{2150E333-8FDC-42A3-9474-1A3956D46DE8}") = "Integration", "Integration", "{01286A34-F639-4E70-8476-B49712431147}"
EndProject
Project("{2150E333-8FDC-42A3-9474-1A3956D46DE8}") = "Services", "Services", "{E40CD864-6B62-4615-A382-4515350A1490}"
EndProject
Project("{9A19103F-16F7-4668-BE54-9A1E7A4F7556}") = "Lampros.Services.CouponAPI", "Lampros.Services.CouponAPI\Lampros.Services.CouponAPI.csproj", "{FA561C2F-D3B7-4831-B8A4-BF6A5EC2CDB7}"
EndProject
Project("{9A19103F-16F7-4668-BE54-9A1E7A4F7556}") = "Lampros.MVC", "Lampros.MVC\Lampros.MVC.csproj", "{FB78FDD7-85FC-43E4-AA65-5E21AB538618}"
EndProject
Project("{9A19103F-16F7-4668-BE54-9A1E7A4F7556}") = "Lampros.Services.AuthAPI", "Lampros.Services.AuthAPI\Lampros.Services.AuthAPI.csproj", "{7FA32866-C22E-479E-9D4E-E3EFD311A946}"
EndProject
Project("{9A19103F-16F7-4668-BE54-9A1E7A4F7556}") = "Lampros.Services.ShoppingCartAPI", "Lampros.Services.ShoppingCartAPI\Lampros.Services.ShoppingCartAPI.csproj", "{D421A8E3-551F-42E0-B89D-7840A591449A}"
EndProject
Project("{9A19103F-16F7-4668-BE54-9A1E7A4F7556}") = "Lampros.MessageBus", "Lampros.MessageBus\Lampros.MessageBus.csproj", "{51D75401-8007-4EAB-8549-B4CBF277083E}"
EndProject
Project("{9A19103F-16F7-4668-BE54-9A1E7A4F7556}") = "Lampros.Services.EmailAPI", "Lampros.Services.EmailAPI\Lampros.Services.EmailAPI.csproj", "{9F60E8AD-B950-4868-9A0B-210402B14616}"
EndProject
Project("{9A19103F-16F7-4668-BE54-9A1E7A4F7556}") = "Lampros.Services.ProductAPI", "Lampros.Services.ProductAPI\Lampros.Services.ProductAPI.csproj", "{EF336708-D133-4803-9FF6-83EE279D8FD0}"
EndProject
Project("{9A19103F-16F7-4668-BE54-9A1E7A4F7556}") = "Lampros.Services.OrderAPI", "Lampros.Services.OrderAPI\Lampros.Services.OrderAPI.csproj", "{82CB0BDD-F6F5-4DEC-84E7-53BAFEEA13A5}"
EndProject
Project("{FAE04EC0-301F-11D3-BF4B-00C04F79EFBC}") = "Lampros.Services.RewardAPI", "Lampros.Services.RewardAPI\Lampros.Services.RewardAPI.csproj", "{13B85AD7-605D-45C9-B5CC-F904065A3F1B}"
EndProject
Global
	GlobalSection(SolutionConfigurationPlatforms) = preSolution
		Debug|Any CPU = Debug|Any CPU
		Release|Any CPU = Release|Any CPU
	EndGlobalSection
	GlobalSection(ProjectConfigurationPlatforms) = postSolution
		{FA561C2F-D3B7-4831-B8A4-BF6A5EC2CDB7}.Debug|Any CPU.ActiveCfg = Debug|Any CPU
		{FA561C2F-D3B7-4831-B8A4-BF6A5EC2CDB7}.Debug|Any CPU.Build.0 = Debug|Any CPU
		{FA561C2F-D3B7-4831-B8A4-BF6A5EC2CDB7}.Release|Any CPU.ActiveCfg = Release|Any CPU
		{FA561C2F-D3B7-4831-B8A4-BF6A5EC2CDB7}.Release|Any CPU.Build.0 = Release|Any CPU
		{FB78FDD7-85FC-43E4-AA65-5E21AB538618}.Debug|Any CPU.ActiveCfg = Debug|Any CPU
		{FB78FDD7-85FC-43E4-AA65-5E21AB538618}.Debug|Any CPU.Build.0 = Debug|Any CPU
		{FB78FDD7-85FC-43E4-AA65-5E21AB538618}.Release|Any CPU.ActiveCfg = Release|Any CPU
		{FB78FDD7-85FC-43E4-AA65-5E21AB538618}.Release|Any CPU.Build.0 = Release|Any CPU
		{7FA32866-C22E-479E-9D4E-E3EFD311A946}.Debug|Any CPU.ActiveCfg = Debug|Any CPU
		{7FA32866-C22E-479E-9D4E-E3EFD311A946}.Debug|Any CPU.Build.0 = Debug|Any CPU
		{7FA32866-C22E-479E-9D4E-E3EFD311A946}.Release|Any CPU.ActiveCfg = Release|Any CPU
		{7FA32866-C22E-479E-9D4E-E3EFD311A946}.Release|Any CPU.Build.0 = Release|Any CPU
		{D421A8E3-551F-42E0-B89D-7840A591449A}.Debug|Any CPU.ActiveCfg = Debug|Any CPU
		{D421A8E3-551F-42E0-B89D-7840A591449A}.Debug|Any CPU.Build.0 = Debug|Any CPU
		{D421A8E3-551F-42E0-B89D-7840A591449A}.Release|Any CPU.ActiveCfg = Release|Any CPU
		{D421A8E3-551F-42E0-B89D-7840A591449A}.Release|Any CPU.Build.0 = Release|Any CPU
		{51D75401-8007-4EAB-8549-B4CBF277083E}.Debug|Any CPU.ActiveCfg = Debug|Any CPU
		{51D75401-8007-4EAB-8549-B4CBF277083E}.Debug|Any CPU.Build.0 = Debug|Any CPU
		{51D75401-8007-4EAB-8549-B4CBF277083E}.Release|Any CPU.ActiveCfg = Release|Any CPU
		{51D75401-8007-4EAB-8549-B4CBF277083E}.Release|Any CPU.Build.0 = Release|Any CPU
		{9F60E8AD-B950-4868-9A0B-210402B14616}.Debug|Any CPU.ActiveCfg = Debug|Any CPU
		{9F60E8AD-B950-4868-9A0B-210402B14616}.Debug|Any CPU.Build.0 = Debug|Any CPU
		{9F60E8AD-B950-4868-9A0B-210402B14616}.Release|Any CPU.ActiveCfg = Release|Any CPU
		{9F60E8AD-B950-4868-9A0B-210402B14616}.Release|Any CPU.Build.0 = Release|Any CPU
		{EF336708-D133-4803-9FF6-83EE279D8FD0}.Debug|Any CPU.ActiveCfg = Debug|Any CPU
		{EF336708-D133-4803-9FF6-83EE279D8FD0}.Debug|Any CPU.Build.0 = Debug|Any CPU
		{EF336708-D133-4803-9FF6-83EE279D8FD0}.Release|Any CPU.ActiveCfg = Release|Any CPU
		{EF336708-D133-4803-9FF6-83EE279D8FD0}.Release|Any CPU.Build.0 = Release|Any CPU
		{82CB0BDD-F6F5-4DEC-84E7-53BAFEEA13A5}.Debug|Any CPU.ActiveCfg = Debug|Any CPU
		{82CB0BDD-F6F5-4DEC-84E7-53BAFEEA13A5}.Debug|Any CPU.Build.0 = Debug|Any CPU
		{82CB0BDD-F6F5-4DEC-84E7-53BAFEEA13A5}.Release|Any CPU.ActiveCfg = Release|Any CPU
		{82CB0BDD-F6F5-4DEC-84E7-53BAFEEA13A5}.Release|Any CPU.Build.0 = Release|Any CPU
		{13B85AD7-605D-45C9-B5CC-F904065A3F1B}.Debug|Any CPU.ActiveCfg = Debug|Any CPU
		{13B85AD7-605D-45C9-B5CC-F904065A3F1B}.Debug|Any CPU.Build.0 = Debug|Any CPU
		{13B85AD7-605D-45C9-B5CC-F904065A3F1B}.Release|Any CPU.ActiveCfg = Release|Any CPU
		{13B85AD7-605D-45C9-B5CC-F904065A3F1B}.Release|Any CPU.Build.0 = Release|Any CPU
	EndGlobalSection
	GlobalSection(SolutionProperties) = preSolution
		HideSolutionNode = FALSE
	EndGlobalSection
	GlobalSection(NestedProjects) = preSolution
		{FA561C2F-D3B7-4831-B8A4-BF6A5EC2CDB7} = {E40CD864-6B62-4615-A382-4515350A1490}
		{FB78FDD7-85FC-43E4-AA65-5E21AB538618} = {E49E3EAC-5BC0-475D-A6E6-B2CCFAE13DAC}
		{7FA32866-C22E-479E-9D4E-E3EFD311A946} = {E40CD864-6B62-4615-A382-4515350A1490}
		{D421A8E3-551F-42E0-B89D-7840A591449A} = {E40CD864-6B62-4615-A382-4515350A1490}
		{51D75401-8007-4EAB-8549-B4CBF277083E} = {01286A34-F639-4E70-8476-B49712431147}
		{9F60E8AD-B950-4868-9A0B-210402B14616} = {E40CD864-6B62-4615-A382-4515350A1490}
		{EF336708-D133-4803-9FF6-83EE279D8FD0} = {E40CD864-6B62-4615-A382-4515350A1490}
		{82CB0BDD-F6F5-4DEC-84E7-53BAFEEA13A5} = {E40CD864-6B62-4615-A382-4515350A1490}
		{13B85AD7-605D-45C9-B5CC-F904065A3F1B} = {E40CD864-6B62-4615-A382-4515350A1490}
	EndGlobalSection
	GlobalSection(ExtensibilityGlobals) = postSolution
		SolutionGuid = {3249687A-DD33-4F43-8F1A-83DC6D4E9355}
	EndGlobalSection
EndGlobal
