
Microsoft Visual Studio Solution File, Format Version 12.00
# Visual Studio Version 17
VisualStudioVersion = 17.8.34525.116
MinimumVisualStudioVersion = 10.0.40219.1
Project("{2150E333-8FDC-42A3-9474-1A3956D46DE8}") = "Frontend", "Frontend", "{E49E3EAC-5BC0-475D-A6E6-B2CCFAE13DAC}"
EndProject
Project("{2150E333-8FDC-42A3-9474-1A3956D46DE8}") = "Gateway", "Gateway", "{FAA2C84E-B596-4507-8FD5-8682EB521715}"
EndProject
Project("{2150E333-8FDC-42A3-9474-1A3956D46DE8}") = "Integration", "Integration", "{01286A34-F639-4E70-8476-B49712431147}"
EndProject
Project("{2150E333-8FDC-42A3-9474-1A3956D46DE8}") = "Services", "Services", "{E40CD864-6B62-4615-A382-4515350A1490}"
EndProject
Project("{9A19103F-16F7-4668-BE54-9A1E7A4F7556}") = "Lampros.Services.CouponAPI", "Lampros.Services.CouponAPI\Lampros.Services.CouponAPI.csproj", "{FA561C2F-D3B7-4831-B8A4-BF6A5EC2CDB7}"
EndProject
Project("{FAE04EC0-301F-11D3-BF4B-00C04F79EFBC}") = "Lampros.MVC", "Lampros.MVC\Lampros.MVC.csproj", "{FB78FDD7-85FC-43E4-AA65-5E21AB538618}"
EndProject
Project("{FAE04EC0-301F-11D3-BF4B-00C04F79EFBC}") = "Lampros.Services.AuthAPI", "Lampros.Services.AuthAPI\Lampros.Services.AuthAPI.csproj", "{7FA32866-C22E-479E-9D4E-E3EFD311A946}"
EndProject
Project("{FAE04EC0-301F-11D3-BF4B-00C04F79EFBC}") = "Lampros.Services.ProductAPI", "Lampros.Services.ProductAPI\Lampros.Services.ProductAPI.csproj", "{EF336708-D133-4803-9FF6-83EE279D8FD0}"
EndProject
Global
	GlobalSection(SolutionConfigurationPlatforms) = preSolution
		Debug|Any CPU = Debug|Any CPU
		Release|Any CPU = Release|Any CPU
	EndGlobalSection
	GlobalSection(ProjectConfigurationPlatforms) = postSolution
		{FA561C2F-D3B7-4831-B8A4-BF6A5EC2CDB7}.Debug|Any CPU.ActiveCfg = Debug|Any CPU
		{FA561C2F-D3B7-4831-B8A4-BF6A5EC2CDB7}.Debug|Any CPU.Build.0 = Debug|Any CPU
		{FA561C2F-D3B7-4831-B8A4-BF6A5EC2CDB7}.Release|Any CPU.ActiveCfg = Release|Any CPU
		{FA561C2F-D3B7-4831-B8A4-BF6A5EC2CDB7}.Release|Any CPU.Build.0 = Release|Any CPU
		{FB78FDD7-85FC-43E4-AA65-5E21AB538618}.Debug|Any CPU.ActiveCfg = Debug|Any CPU
		{FB78FDD7-85FC-43E4-AA65-5E21AB538618}.Debug|Any CPU.Build.0 = Debug|Any CPU
		{FB78FDD7-85FC-43E4-AA65-5E21AB538618}.Release|Any CPU.ActiveCfg = Release|Any CPU
		{FB78FDD7-85FC-43E4-AA65-5E21AB538618}.Release|Any CPU.Build.0 = Release|Any CPU
		{7FA32866-C22E-479E-9D4E-E3EFD311A946}.Debug|Any CPU.ActiveCfg = Debug|Any CPU
		{7FA32866-C22E-479E-9D4E-E3EFD311A946}.Debug|Any CPU.Build.0 = Debug|Any CPU
		{7FA32866-C22E-479E-9D4E-E3EFD311A946}.Release|Any CPU.ActiveCfg = Release|Any CPU
		{7FA32866-C22E-479E-9D4E-E3EFD311A946}.Release|Any CPU.Build.0 = Release|Any CPU
		{EF336708-D133-4803-9FF6-83EE279D8FD0}.Debug|Any CPU.ActiveCfg = Debug|Any CPU
		{EF336708-D133-4803-9FF6-83EE279D8FD0}.Debug|Any CPU.Build.0 = Debug|Any CPU
		{EF336708-D133-4803-9FF6-83EE279D8FD0}.Release|Any CPU.ActiveCfg = Release|Any CPU
		{EF336708-D133-4803-9FF6-83EE279D8FD0}.Release|Any CPU.Build.0 = Release|Any CPU
	EndGlobalSection
	GlobalSection(SolutionProperties) = preSolution
		HideSolutionNode = FALSE
	EndGlobalSection
	GlobalSection(NestedProjects) = preSolution
		{FA561C2F-D3B7-4831-B8A4-BF6A5EC2CDB7} = {E40CD864-6B62-4615-A382-4515350A1490}
		{FB78FDD7-85FC-43E4-AA65-5E21AB538618} = {E49E3EAC-5BC0-475D-A6E6-B2CCFAE13DAC}
		{7FA32866-C22E-479E-9D4E-E3EFD311A946} = {E40CD864-6B62-4615-A382-4515350A1490}
		{EF336708-D133-4803-9FF6-83EE279D8FD0} = {E40CD864-6B62-4615-A382-4515350A1490}
	EndGlobalSection
	GlobalSection(ExtensibilityGlobals) = postSolution
		SolutionGuid = {3249687A-DD33-4F43-8F1A-83DC6D4E9355}
	EndGlobalSection
EndGlobal
